
Microsoft Visual Studio Solution File, Format Version 12.00
# Visual Studio 15
VisualStudioVersion = 15.0.26430.12
MinimumVisualStudioVersion = 10.0.40219.1
Project("{FAE04EC0-301F-11D3-BF4B-00C04F79EFBC}") = "SimpleFactory", "SimpleFactory\SimpleFactory.csproj", "{9EE8F02F-716E-4D41-A6DC-474CE4105E7B}"
EndProject
Project("{FAE04EC0-301F-11D3-BF4B-00C04F79EFBC}") = "Factory", "Factory\Factory.csproj", "{4CBA830D-0C9A-41D5-A145-15FAE7B032A0}"
EndProject
Project("{FAE04EC0-301F-11D3-BF4B-00C04F79EFBC}") = "Adapter", "Adapter\Adapter.csproj", "{5B850310-9E79-4919-8BF9-C3D547AFBA68}"
EndProject
Project("{FAE04EC0-301F-11D3-BF4B-00C04F79EFBC}") = "Composite", "Composite\Composite.csproj", "{60A7AEF2-F51D-4C53-B5EF-C714DA2AEB13}"
EndProject
Global
	GlobalSection(SolutionConfigurationPlatforms) = preSolution
		Debug|Any CPU = Debug|Any CPU
		Release|Any CPU = Release|Any CPU
	EndGlobalSection
	GlobalSection(ProjectConfigurationPlatforms) = postSolution
		{9EE8F02F-716E-4D41-A6DC-474CE4105E7B}.Debug|Any CPU.ActiveCfg = Debug|Any CPU
		{9EE8F02F-716E-4D41-A6DC-474CE4105E7B}.Debug|Any CPU.Build.0 = Debug|Any CPU
		{9EE8F02F-716E-4D41-A6DC-474CE4105E7B}.Release|Any CPU.ActiveCfg = Release|Any CPU
		{9EE8F02F-716E-4D41-A6DC-474CE4105E7B}.Release|Any CPU.Build.0 = Release|Any CPU
		{4CBA830D-0C9A-41D5-A145-15FAE7B032A0}.Debug|Any CPU.ActiveCfg = Debug|Any CPU
		{4CBA830D-0C9A-41D5-A145-15FAE7B032A0}.Debug|Any CPU.Build.0 = Debug|Any CPU
		{4CBA830D-0C9A-41D5-A145-15FAE7B032A0}.Release|Any CPU.ActiveCfg = Release|Any CPU
		{4CBA830D-0C9A-41D5-A145-15FAE7B032A0}.Release|Any CPU.Build.0 = Release|Any CPU
		{5B850310-9E79-4919-8BF9-C3D547AFBA68}.Debug|Any CPU.ActiveCfg = Debug|Any CPU
		{5B850310-9E79-4919-8BF9-C3D547AFBA68}.Debug|Any CPU.Build.0 = Debug|Any CPU
		{5B850310-9E79-4919-8BF9-C3D547AFBA68}.Release|Any CPU.ActiveCfg = Release|Any CPU
		{5B850310-9E79-4919-8BF9-C3D547AFBA68}.Release|Any CPU.Build.0 = Release|Any CPU
		{60A7AEF2-F51D-4C53-B5EF-C714DA2AEB13}.Debug|Any CPU.ActiveCfg = Debug|Any CPU
		{60A7AEF2-F51D-4C53-B5EF-C714DA2AEB13}.Debug|Any CPU.Build.0 = Debug|Any CPU
		{60A7AEF2-F51D-4C53-B5EF-C714DA2AEB13}.Release|Any CPU.ActiveCfg = Release|Any CPU
		{60A7AEF2-F51D-4C53-B5EF-C714DA2AEB13}.Release|Any CPU.Build.0 = Release|Any CPU
	EndGlobalSection
	GlobalSection(SolutionProperties) = preSolution
		HideSolutionNode = FALSE
	EndGlobalSection
EndGlobal
